
Microsoft Visual Studio Solution File, Format Version 12.00
# Visual Studio Version 17
VisualStudioVersion = 17.0.31903.59
MinimumVisualStudioVersion = 10.0.40219.1
Project("{2150E333-8FDC-42A3-9474-1A3956D46DE8}") = "src", "src", "{B34ECEB3-D2F9-459B-A3DE-99E04123E593}"
	ProjectSection(SolutionItems) = preProject
		src\Directory.Build.props = src\Directory.Build.props
	EndProjectSection
EndProject
Project("{9A19103F-16F7-4668-BE54-9A1E7A4F7556}") = "Deveel.Events.Schema", "src\Deveel.Events.Schema\Deveel.Events.Schema.csproj", "{D0E8F011-C408-480A-8849-A46408A93AD7}"
EndProject
Project("{2150E333-8FDC-42A3-9474-1A3956D46DE8}") = "test", "test", "{EDED427E-1408-4971-9FA9-EBFCACCEAC22}"
	ProjectSection(SolutionItems) = preProject
		test\Directory.Build.props = test\Directory.Build.props
	EndProjectSection
EndProject
Project("{9A19103F-16F7-4668-BE54-9A1E7A4F7556}") = "Deveel.Events.Schema.XUnit", "test\Deveel.Events.Schema.XUnit\Deveel.Events.Schema.XUnit.csproj", "{9BEFCC78-DBF6-4A3A-B2E3-2A0DD510DEB0}"
EndProject
Project("{9A19103F-16F7-4668-BE54-9A1E7A4F7556}") = "Deveel.Events.Publisher", "src\Deveel.Events.Publisher\Deveel.Events.Publisher.csproj", "{4D258011-FD57-43B2-9300-2C1DBBA6ECF2}"
EndProject
Project("{9A19103F-16F7-4668-BE54-9A1E7A4F7556}") = "Deveel.Events.TestPublisher", "src\Deveel.Events.TestPublisher\Deveel.Events.TestPublisher.csproj", "{CBE1B08D-9786-4081-8981-582AFDB19D70}"
EndProject
Project("{9A19103F-16F7-4668-BE54-9A1E7A4F7556}") = "Deveel.Events.Publisher.XUnit", "test\Deveel.Events.Publisher.XUnit\Deveel.Events.Publisher.XUnit.csproj", "{AA6AFE43-CF44-4615-A3C5-60DF4ECCC0FD}"
EndProject
Project("{9A19103F-16F7-4668-BE54-9A1E7A4F7556}") = "Deveel.Events.Publisher.AzureServiceBus", "src\Deveel.Events.Publisher.AzureServiceBus\Deveel.Events.Publisher.AzureServiceBus.csproj", "{BE9C6951-452A-48F2-B24E-5FCFFDBD7A7B}"
EndProject
Project("{9A19103F-16F7-4668-BE54-9A1E7A4F7556}") = "Deveel.Events.Publisher.AzureServiceBus.XUnit", "test\Deveel.Events.Publisher.AzureServiceBus.XUnit\Deveel.Events.Publisher.AzureServiceBus.XUnit.csproj", "{80836AD2-3E2C-44C1-8A7C-C8D680B6E7B1}"
EndProject
Project("{2150E333-8FDC-42A3-9474-1A3956D46DE8}") = "benchmarks", "benchmarks", "{2A332BDD-050D-4E45-81BA-896A46C2B42E}"
EndProject
Project("{9A19103F-16F7-4668-BE54-9A1E7A4F7556}") = "DeveelEventsBenchmarks", "benchmarks\DeveelEventsBenchmarks\DeveelEventsBenchmarks.csproj", "{1EE44B7D-1BD0-4D03-AD28-4121472D379E}"
EndProject
Project("{9A19103F-16F7-4668-BE54-9A1E7A4F7556}") = "Deveel.Events.Annotations", "src\Deveel.Events.Annotations\Deveel.Events.Annotations.csproj", "{0E401CA8-4F2E-4A01-94FE-8C4847DAC510}"
EndProject
Project("{9A19103F-16F7-4668-BE54-9A1E7A4F7556}") = "Deveel.Events.Publisher.RabbitMq", "src\Deveel.Events.Publisher.RabbitMq\Deveel.Events.Publisher.RabbitMq.csproj", "{DD261016-E990-4AFC-870E-584D070656F4}"
EndProject
Project("{9A19103F-16F7-4668-BE54-9A1E7A4F7556}") = "Deveel.Events.Publisher.RabbitMq.XUnit", "test\Deveel.Events.Publisher.RabbitMq.XUnit\Deveel.Events.Publisher.RabbitMq.XUnit.csproj", "{4F06FB52-31B5-4594-89EF-429A600FD485}"
EndProject
Project("{FAE04EC0-301F-11D3-BF4B-00C04F79EFBC}") = "Deveel.Events.Amqp.Annotations", "src\Deveel.Events.Amqp.Annotations\Deveel.Events.Amqp.Annotations.csproj", "{882EB9C1-FAE6-4A42-886D-70E0C1981C5B}"
EndProject
Project("{FAE04EC0-301F-11D3-BF4B-00C04F79EFBC}") = "Deveel.Events.Schema.AsyncApi", "src\Deveel.Events.Schema.AsyncApi\Deveel.Events.Schema.AsyncApi.csproj", "{99622C59-F1B8-4C7E-A9DA-EE3F910C143F}"
EndProject
Project("{FAE04EC0-301F-11D3-BF4B-00C04F79EFBC}") = "Deveel.Events.Schema.AsyncApi.XUnit", "test\Deveel.Events.Schema.AsyncApi.XUnit\Deveel.Events.Schema.AsyncApi.XUnit.csproj", "{A7097C01-3D2D-4CCA-8519-141B18D96A5F}"
EndProject
Project("{FAE04EC0-301F-11D3-BF4B-00C04F79EFBC}") = "Deveel.Events.Schema.Yaml", "src\Deveel.Events.Schema.Yaml\Deveel.Events.Schema.Yaml.csproj", "{C7F44AB7-3417-4EC2-84D2-D707891AB0B5}"
EndProject
Project("{FAE04EC0-301F-11D3-BF4B-00C04F79EFBC}") = "Deveel.Events.Schema.Yaml.XUnit", "test\Deveel.Events.Schema.Yaml.XUnit\Deveel.Events.Schema.Yaml.XUnit.csproj", "{86DB1A12-3465-48BD-BCDA-534EE22A8C27}"
EndProject
Global
	GlobalSection(SolutionConfigurationPlatforms) = preSolution
		Debug|Any CPU = Debug|Any CPU
		Debug|x64 = Debug|x64
		Debug|x86 = Debug|x86
		Release|Any CPU = Release|Any CPU
		Release|x64 = Release|x64
		Release|x86 = Release|x86
	EndGlobalSection
	GlobalSection(ProjectConfigurationPlatforms) = postSolution
		{D0E8F011-C408-480A-8849-A46408A93AD7}.Debug|Any CPU.ActiveCfg = Debug|Any CPU
		{D0E8F011-C408-480A-8849-A46408A93AD7}.Debug|Any CPU.Build.0 = Debug|Any CPU
		{D0E8F011-C408-480A-8849-A46408A93AD7}.Debug|x64.ActiveCfg = Debug|Any CPU
		{D0E8F011-C408-480A-8849-A46408A93AD7}.Debug|x64.Build.0 = Debug|Any CPU
		{D0E8F011-C408-480A-8849-A46408A93AD7}.Debug|x86.ActiveCfg = Debug|Any CPU
		{D0E8F011-C408-480A-8849-A46408A93AD7}.Debug|x86.Build.0 = Debug|Any CPU
		{D0E8F011-C408-480A-8849-A46408A93AD7}.Release|Any CPU.ActiveCfg = Release|Any CPU
		{D0E8F011-C408-480A-8849-A46408A93AD7}.Release|Any CPU.Build.0 = Release|Any CPU
		{D0E8F011-C408-480A-8849-A46408A93AD7}.Release|x64.ActiveCfg = Release|Any CPU
		{D0E8F011-C408-480A-8849-A46408A93AD7}.Release|x64.Build.0 = Release|Any CPU
		{D0E8F011-C408-480A-8849-A46408A93AD7}.Release|x86.ActiveCfg = Release|Any CPU
		{D0E8F011-C408-480A-8849-A46408A93AD7}.Release|x86.Build.0 = Release|Any CPU
		{9BEFCC78-DBF6-4A3A-B2E3-2A0DD510DEB0}.Debug|Any CPU.ActiveCfg = Debug|Any CPU
		{9BEFCC78-DBF6-4A3A-B2E3-2A0DD510DEB0}.Debug|Any CPU.Build.0 = Debug|Any CPU
		{9BEFCC78-DBF6-4A3A-B2E3-2A0DD510DEB0}.Debug|x64.ActiveCfg = Debug|Any CPU
		{9BEFCC78-DBF6-4A3A-B2E3-2A0DD510DEB0}.Debug|x64.Build.0 = Debug|Any CPU
		{9BEFCC78-DBF6-4A3A-B2E3-2A0DD510DEB0}.Debug|x86.ActiveCfg = Debug|Any CPU
		{9BEFCC78-DBF6-4A3A-B2E3-2A0DD510DEB0}.Debug|x86.Build.0 = Debug|Any CPU
		{9BEFCC78-DBF6-4A3A-B2E3-2A0DD510DEB0}.Release|Any CPU.ActiveCfg = Release|Any CPU
		{9BEFCC78-DBF6-4A3A-B2E3-2A0DD510DEB0}.Release|Any CPU.Build.0 = Release|Any CPU
		{9BEFCC78-DBF6-4A3A-B2E3-2A0DD510DEB0}.Release|x64.ActiveCfg = Release|Any CPU
		{9BEFCC78-DBF6-4A3A-B2E3-2A0DD510DEB0}.Release|x64.Build.0 = Release|Any CPU
		{9BEFCC78-DBF6-4A3A-B2E3-2A0DD510DEB0}.Release|x86.ActiveCfg = Release|Any CPU
		{9BEFCC78-DBF6-4A3A-B2E3-2A0DD510DEB0}.Release|x86.Build.0 = Release|Any CPU
		{4D258011-FD57-43B2-9300-2C1DBBA6ECF2}.Debug|Any CPU.ActiveCfg = Debug|Any CPU
		{4D258011-FD57-43B2-9300-2C1DBBA6ECF2}.Debug|Any CPU.Build.0 = Debug|Any CPU
		{4D258011-FD57-43B2-9300-2C1DBBA6ECF2}.Debug|x64.ActiveCfg = Debug|Any CPU
		{4D258011-FD57-43B2-9300-2C1DBBA6ECF2}.Debug|x64.Build.0 = Debug|Any CPU
		{4D258011-FD57-43B2-9300-2C1DBBA6ECF2}.Debug|x86.ActiveCfg = Debug|Any CPU
		{4D258011-FD57-43B2-9300-2C1DBBA6ECF2}.Debug|x86.Build.0 = Debug|Any CPU
		{4D258011-FD57-43B2-9300-2C1DBBA6ECF2}.Release|Any CPU.ActiveCfg = Release|Any CPU
		{4D258011-FD57-43B2-9300-2C1DBBA6ECF2}.Release|Any CPU.Build.0 = Release|Any CPU
		{4D258011-FD57-43B2-9300-2C1DBBA6ECF2}.Release|x64.ActiveCfg = Release|Any CPU
		{4D258011-FD57-43B2-9300-2C1DBBA6ECF2}.Release|x64.Build.0 = Release|Any CPU
		{4D258011-FD57-43B2-9300-2C1DBBA6ECF2}.Release|x86.ActiveCfg = Release|Any CPU
		{4D258011-FD57-43B2-9300-2C1DBBA6ECF2}.Release|x86.Build.0 = Release|Any CPU
		{CBE1B08D-9786-4081-8981-582AFDB19D70}.Debug|Any CPU.ActiveCfg = Debug|Any CPU
		{CBE1B08D-9786-4081-8981-582AFDB19D70}.Debug|Any CPU.Build.0 = Debug|Any CPU
		{CBE1B08D-9786-4081-8981-582AFDB19D70}.Debug|x64.ActiveCfg = Debug|Any CPU
		{CBE1B08D-9786-4081-8981-582AFDB19D70}.Debug|x64.Build.0 = Debug|Any CPU
		{CBE1B08D-9786-4081-8981-582AFDB19D70}.Debug|x86.ActiveCfg = Debug|Any CPU
		{CBE1B08D-9786-4081-8981-582AFDB19D70}.Debug|x86.Build.0 = Debug|Any CPU
		{CBE1B08D-9786-4081-8981-582AFDB19D70}.Release|Any CPU.ActiveCfg = Release|Any CPU
		{CBE1B08D-9786-4081-8981-582AFDB19D70}.Release|Any CPU.Build.0 = Release|Any CPU
		{CBE1B08D-9786-4081-8981-582AFDB19D70}.Release|x64.ActiveCfg = Release|Any CPU
		{CBE1B08D-9786-4081-8981-582AFDB19D70}.Release|x64.Build.0 = Release|Any CPU
		{CBE1B08D-9786-4081-8981-582AFDB19D70}.Release|x86.ActiveCfg = Release|Any CPU
		{CBE1B08D-9786-4081-8981-582AFDB19D70}.Release|x86.Build.0 = Release|Any CPU
		{AA6AFE43-CF44-4615-A3C5-60DF4ECCC0FD}.Debug|Any CPU.ActiveCfg = Debug|Any CPU
		{AA6AFE43-CF44-4615-A3C5-60DF4ECCC0FD}.Debug|Any CPU.Build.0 = Debug|Any CPU
		{AA6AFE43-CF44-4615-A3C5-60DF4ECCC0FD}.Debug|x64.ActiveCfg = Debug|Any CPU
		{AA6AFE43-CF44-4615-A3C5-60DF4ECCC0FD}.Debug|x64.Build.0 = Debug|Any CPU
		{AA6AFE43-CF44-4615-A3C5-60DF4ECCC0FD}.Debug|x86.ActiveCfg = Debug|Any CPU
		{AA6AFE43-CF44-4615-A3C5-60DF4ECCC0FD}.Debug|x86.Build.0 = Debug|Any CPU
		{AA6AFE43-CF44-4615-A3C5-60DF4ECCC0FD}.Release|Any CPU.ActiveCfg = Release|Any CPU
		{AA6AFE43-CF44-4615-A3C5-60DF4ECCC0FD}.Release|Any CPU.Build.0 = Release|Any CPU
		{AA6AFE43-CF44-4615-A3C5-60DF4ECCC0FD}.Release|x64.ActiveCfg = Release|Any CPU
		{AA6AFE43-CF44-4615-A3C5-60DF4ECCC0FD}.Release|x64.Build.0 = Release|Any CPU
		{AA6AFE43-CF44-4615-A3C5-60DF4ECCC0FD}.Release|x86.ActiveCfg = Release|Any CPU
		{AA6AFE43-CF44-4615-A3C5-60DF4ECCC0FD}.Release|x86.Build.0 = Release|Any CPU
		{BE9C6951-452A-48F2-B24E-5FCFFDBD7A7B}.Debug|Any CPU.ActiveCfg = Debug|Any CPU
		{BE9C6951-452A-48F2-B24E-5FCFFDBD7A7B}.Debug|Any CPU.Build.0 = Debug|Any CPU
		{BE9C6951-452A-48F2-B24E-5FCFFDBD7A7B}.Debug|x64.ActiveCfg = Debug|Any CPU
		{BE9C6951-452A-48F2-B24E-5FCFFDBD7A7B}.Debug|x64.Build.0 = Debug|Any CPU
		{BE9C6951-452A-48F2-B24E-5FCFFDBD7A7B}.Debug|x86.ActiveCfg = Debug|Any CPU
		{BE9C6951-452A-48F2-B24E-5FCFFDBD7A7B}.Debug|x86.Build.0 = Debug|Any CPU
		{BE9C6951-452A-48F2-B24E-5FCFFDBD7A7B}.Release|Any CPU.ActiveCfg = Release|Any CPU
		{BE9C6951-452A-48F2-B24E-5FCFFDBD7A7B}.Release|Any CPU.Build.0 = Release|Any CPU
		{BE9C6951-452A-48F2-B24E-5FCFFDBD7A7B}.Release|x64.ActiveCfg = Release|Any CPU
		{BE9C6951-452A-48F2-B24E-5FCFFDBD7A7B}.Release|x64.Build.0 = Release|Any CPU
		{BE9C6951-452A-48F2-B24E-5FCFFDBD7A7B}.Release|x86.ActiveCfg = Release|Any CPU
		{BE9C6951-452A-48F2-B24E-5FCFFDBD7A7B}.Release|x86.Build.0 = Release|Any CPU
		{80836AD2-3E2C-44C1-8A7C-C8D680B6E7B1}.Debug|Any CPU.ActiveCfg = Debug|Any CPU
		{80836AD2-3E2C-44C1-8A7C-C8D680B6E7B1}.Debug|Any CPU.Build.0 = Debug|Any CPU
		{80836AD2-3E2C-44C1-8A7C-C8D680B6E7B1}.Debug|x64.ActiveCfg = Debug|Any CPU
		{80836AD2-3E2C-44C1-8A7C-C8D680B6E7B1}.Debug|x64.Build.0 = Debug|Any CPU
		{80836AD2-3E2C-44C1-8A7C-C8D680B6E7B1}.Debug|x86.ActiveCfg = Debug|Any CPU
		{80836AD2-3E2C-44C1-8A7C-C8D680B6E7B1}.Debug|x86.Build.0 = Debug|Any CPU
		{80836AD2-3E2C-44C1-8A7C-C8D680B6E7B1}.Release|Any CPU.ActiveCfg = Release|Any CPU
		{80836AD2-3E2C-44C1-8A7C-C8D680B6E7B1}.Release|Any CPU.Build.0 = Release|Any CPU
		{80836AD2-3E2C-44C1-8A7C-C8D680B6E7B1}.Release|x64.ActiveCfg = Release|Any CPU
		{80836AD2-3E2C-44C1-8A7C-C8D680B6E7B1}.Release|x64.Build.0 = Release|Any CPU
		{80836AD2-3E2C-44C1-8A7C-C8D680B6E7B1}.Release|x86.ActiveCfg = Release|Any CPU
		{80836AD2-3E2C-44C1-8A7C-C8D680B6E7B1}.Release|x86.Build.0 = Release|Any CPU
		{1EE44B7D-1BD0-4D03-AD28-4121472D379E}.Debug|Any CPU.ActiveCfg = Debug|Any CPU
		{1EE44B7D-1BD0-4D03-AD28-4121472D379E}.Debug|Any CPU.Build.0 = Debug|Any CPU
		{1EE44B7D-1BD0-4D03-AD28-4121472D379E}.Debug|x64.ActiveCfg = Debug|Any CPU
		{1EE44B7D-1BD0-4D03-AD28-4121472D379E}.Debug|x64.Build.0 = Debug|Any CPU
		{1EE44B7D-1BD0-4D03-AD28-4121472D379E}.Debug|x86.ActiveCfg = Debug|Any CPU
		{1EE44B7D-1BD0-4D03-AD28-4121472D379E}.Debug|x86.Build.0 = Debug|Any CPU
		{1EE44B7D-1BD0-4D03-AD28-4121472D379E}.Release|Any CPU.ActiveCfg = Release|Any CPU
		{1EE44B7D-1BD0-4D03-AD28-4121472D379E}.Release|Any CPU.Build.0 = Release|Any CPU
		{1EE44B7D-1BD0-4D03-AD28-4121472D379E}.Release|x64.ActiveCfg = Release|Any CPU
		{1EE44B7D-1BD0-4D03-AD28-4121472D379E}.Release|x64.Build.0 = Release|Any CPU
		{1EE44B7D-1BD0-4D03-AD28-4121472D379E}.Release|x86.ActiveCfg = Release|Any CPU
		{1EE44B7D-1BD0-4D03-AD28-4121472D379E}.Release|x86.Build.0 = Release|Any CPU
		{0E401CA8-4F2E-4A01-94FE-8C4847DAC510}.Debug|Any CPU.ActiveCfg = Debug|Any CPU
		{0E401CA8-4F2E-4A01-94FE-8C4847DAC510}.Debug|Any CPU.Build.0 = Debug|Any CPU
		{0E401CA8-4F2E-4A01-94FE-8C4847DAC510}.Debug|x64.ActiveCfg = Debug|Any CPU
		{0E401CA8-4F2E-4A01-94FE-8C4847DAC510}.Debug|x64.Build.0 = Debug|Any CPU
		{0E401CA8-4F2E-4A01-94FE-8C4847DAC510}.Debug|x86.ActiveCfg = Debug|Any CPU
		{0E401CA8-4F2E-4A01-94FE-8C4847DAC510}.Debug|x86.Build.0 = Debug|Any CPU
		{0E401CA8-4F2E-4A01-94FE-8C4847DAC510}.Release|Any CPU.ActiveCfg = Release|Any CPU
		{0E401CA8-4F2E-4A01-94FE-8C4847DAC510}.Release|Any CPU.Build.0 = Release|Any CPU
		{0E401CA8-4F2E-4A01-94FE-8C4847DAC510}.Release|x64.ActiveCfg = Release|Any CPU
		{0E401CA8-4F2E-4A01-94FE-8C4847DAC510}.Release|x64.Build.0 = Release|Any CPU
		{0E401CA8-4F2E-4A01-94FE-8C4847DAC510}.Release|x86.ActiveCfg = Release|Any CPU
		{0E401CA8-4F2E-4A01-94FE-8C4847DAC510}.Release|x86.Build.0 = Release|Any CPU
		{DD261016-E990-4AFC-870E-584D070656F4}.Debug|Any CPU.ActiveCfg = Debug|Any CPU
		{DD261016-E990-4AFC-870E-584D070656F4}.Debug|Any CPU.Build.0 = Debug|Any CPU
		{DD261016-E990-4AFC-870E-584D070656F4}.Debug|x64.ActiveCfg = Debug|Any CPU
		{DD261016-E990-4AFC-870E-584D070656F4}.Debug|x64.Build.0 = Debug|Any CPU
		{DD261016-E990-4AFC-870E-584D070656F4}.Debug|x86.ActiveCfg = Debug|Any CPU
		{DD261016-E990-4AFC-870E-584D070656F4}.Debug|x86.Build.0 = Debug|Any CPU
		{DD261016-E990-4AFC-870E-584D070656F4}.Release|Any CPU.ActiveCfg = Release|Any CPU
		{DD261016-E990-4AFC-870E-584D070656F4}.Release|Any CPU.Build.0 = Release|Any CPU
		{DD261016-E990-4AFC-870E-584D070656F4}.Release|x64.ActiveCfg = Release|Any CPU
		{DD261016-E990-4AFC-870E-584D070656F4}.Release|x64.Build.0 = Release|Any CPU
		{DD261016-E990-4AFC-870E-584D070656F4}.Release|x86.ActiveCfg = Release|Any CPU
		{DD261016-E990-4AFC-870E-584D070656F4}.Release|x86.Build.0 = Release|Any CPU
		{4F06FB52-31B5-4594-89EF-429A600FD485}.Debug|Any CPU.ActiveCfg = Debug|Any CPU
		{4F06FB52-31B5-4594-89EF-429A600FD485}.Debug|Any CPU.Build.0 = Debug|Any CPU
		{4F06FB52-31B5-4594-89EF-429A600FD485}.Debug|x64.ActiveCfg = Debug|Any CPU
		{4F06FB52-31B5-4594-89EF-429A600FD485}.Debug|x64.Build.0 = Debug|Any CPU
		{4F06FB52-31B5-4594-89EF-429A600FD485}.Debug|x86.ActiveCfg = Debug|Any CPU
		{4F06FB52-31B5-4594-89EF-429A600FD485}.Debug|x86.Build.0 = Debug|Any CPU
		{4F06FB52-31B5-4594-89EF-429A600FD485}.Release|Any CPU.ActiveCfg = Release|Any CPU
		{4F06FB52-31B5-4594-89EF-429A600FD485}.Release|Any CPU.Build.0 = Release|Any CPU
		{4F06FB52-31B5-4594-89EF-429A600FD485}.Release|x64.ActiveCfg = Release|Any CPU
		{4F06FB52-31B5-4594-89EF-429A600FD485}.Release|x64.Build.0 = Release|Any CPU
		{4F06FB52-31B5-4594-89EF-429A600FD485}.Release|x86.ActiveCfg = Release|Any CPU
		{4F06FB52-31B5-4594-89EF-429A600FD485}.Release|x86.Build.0 = Release|Any CPU
		{882EB9C1-FAE6-4A42-886D-70E0C1981C5B}.Debug|Any CPU.ActiveCfg = Debug|Any CPU
		{882EB9C1-FAE6-4A42-886D-70E0C1981C5B}.Debug|Any CPU.Build.0 = Debug|Any CPU
		{882EB9C1-FAE6-4A42-886D-70E0C1981C5B}.Debug|x64.ActiveCfg = Debug|Any CPU
		{882EB9C1-FAE6-4A42-886D-70E0C1981C5B}.Debug|x64.Build.0 = Debug|Any CPU
		{882EB9C1-FAE6-4A42-886D-70E0C1981C5B}.Debug|x86.ActiveCfg = Debug|Any CPU
		{882EB9C1-FAE6-4A42-886D-70E0C1981C5B}.Debug|x86.Build.0 = Debug|Any CPU
		{882EB9C1-FAE6-4A42-886D-70E0C1981C5B}.Release|Any CPU.ActiveCfg = Release|Any CPU
		{882EB9C1-FAE6-4A42-886D-70E0C1981C5B}.Release|Any CPU.Build.0 = Release|Any CPU
		{882EB9C1-FAE6-4A42-886D-70E0C1981C5B}.Release|x64.ActiveCfg = Release|Any CPU
		{882EB9C1-FAE6-4A42-886D-70E0C1981C5B}.Release|x64.Build.0 = Release|Any CPU
		{882EB9C1-FAE6-4A42-886D-70E0C1981C5B}.Release|x86.ActiveCfg = Release|Any CPU
		{882EB9C1-FAE6-4A42-886D-70E0C1981C5B}.Release|x86.Build.0 = Release|Any CPU
		{99622C59-F1B8-4C7E-A9DA-EE3F910C143F}.Debug|Any CPU.ActiveCfg = Debug|Any CPU
		{99622C59-F1B8-4C7E-A9DA-EE3F910C143F}.Debug|Any CPU.Build.0 = Debug|Any CPU
		{99622C59-F1B8-4C7E-A9DA-EE3F910C143F}.Debug|x64.ActiveCfg = Debug|Any CPU
		{99622C59-F1B8-4C7E-A9DA-EE3F910C143F}.Debug|x64.Build.0 = Debug|Any CPU
		{99622C59-F1B8-4C7E-A9DA-EE3F910C143F}.Debug|x86.ActiveCfg = Debug|Any CPU
		{99622C59-F1B8-4C7E-A9DA-EE3F910C143F}.Debug|x86.Build.0 = Debug|Any CPU
		{99622C59-F1B8-4C7E-A9DA-EE3F910C143F}.Release|Any CPU.ActiveCfg = Release|Any CPU
		{99622C59-F1B8-4C7E-A9DA-EE3F910C143F}.Release|Any CPU.Build.0 = Release|Any CPU
		{99622C59-F1B8-4C7E-A9DA-EE3F910C143F}.Release|x64.ActiveCfg = Release|Any CPU
		{99622C59-F1B8-4C7E-A9DA-EE3F910C143F}.Release|x64.Build.0 = Release|Any CPU
		{99622C59-F1B8-4C7E-A9DA-EE3F910C143F}.Release|x86.ActiveCfg = Release|Any CPU
		{99622C59-F1B8-4C7E-A9DA-EE3F910C143F}.Release|x86.Build.0 = Release|Any CPU
		{A7097C01-3D2D-4CCA-8519-141B18D96A5F}.Debug|Any CPU.ActiveCfg = Debug|Any CPU
		{A7097C01-3D2D-4CCA-8519-141B18D96A5F}.Debug|Any CPU.Build.0 = Debug|Any CPU
		{A7097C01-3D2D-4CCA-8519-141B18D96A5F}.Debug|x64.ActiveCfg = Debug|Any CPU
		{A7097C01-3D2D-4CCA-8519-141B18D96A5F}.Debug|x64.Build.0 = Debug|Any CPU
		{A7097C01-3D2D-4CCA-8519-141B18D96A5F}.Debug|x86.ActiveCfg = Debug|Any CPU
		{A7097C01-3D2D-4CCA-8519-141B18D96A5F}.Debug|x86.Build.0 = Debug|Any CPU
		{A7097C01-3D2D-4CCA-8519-141B18D96A5F}.Release|Any CPU.ActiveCfg = Release|Any CPU
		{A7097C01-3D2D-4CCA-8519-141B18D96A5F}.Release|Any CPU.Build.0 = Release|Any CPU
		{A7097C01-3D2D-4CCA-8519-141B18D96A5F}.Release|x64.ActiveCfg = Release|Any CPU
		{A7097C01-3D2D-4CCA-8519-141B18D96A5F}.Release|x64.Build.0 = Release|Any CPU
		{A7097C01-3D2D-4CCA-8519-141B18D96A5F}.Release|x86.ActiveCfg = Release|Any CPU
		{A7097C01-3D2D-4CCA-8519-141B18D96A5F}.Release|x86.Build.0 = Release|Any CPU
		{C7F44AB7-3417-4EC2-84D2-D707891AB0B5}.Debug|Any CPU.ActiveCfg = Debug|Any CPU
		{C7F44AB7-3417-4EC2-84D2-D707891AB0B5}.Debug|Any CPU.Build.0 = Debug|Any CPU
		{C7F44AB7-3417-4EC2-84D2-D707891AB0B5}.Debug|x64.ActiveCfg = Debug|Any CPU
		{C7F44AB7-3417-4EC2-84D2-D707891AB0B5}.Debug|x64.Build.0 = Debug|Any CPU
		{C7F44AB7-3417-4EC2-84D2-D707891AB0B5}.Debug|x86.ActiveCfg = Debug|Any CPU
		{C7F44AB7-3417-4EC2-84D2-D707891AB0B5}.Debug|x86.Build.0 = Debug|Any CPU
		{C7F44AB7-3417-4EC2-84D2-D707891AB0B5}.Release|Any CPU.ActiveCfg = Release|Any CPU
		{C7F44AB7-3417-4EC2-84D2-D707891AB0B5}.Release|Any CPU.Build.0 = Release|Any CPU
		{C7F44AB7-3417-4EC2-84D2-D707891AB0B5}.Release|x64.ActiveCfg = Release|Any CPU
		{C7F44AB7-3417-4EC2-84D2-D707891AB0B5}.Release|x64.Build.0 = Release|Any CPU
		{C7F44AB7-3417-4EC2-84D2-D707891AB0B5}.Release|x86.ActiveCfg = Release|Any CPU
		{C7F44AB7-3417-4EC2-84D2-D707891AB0B5}.Release|x86.Build.0 = Release|Any CPU
		{86DB1A12-3465-48BD-BCDA-534EE22A8C27}.Debug|Any CPU.ActiveCfg = Debug|Any CPU
		{86DB1A12-3465-48BD-BCDA-534EE22A8C27}.Debug|Any CPU.Build.0 = Debug|Any CPU
		{86DB1A12-3465-48BD-BCDA-534EE22A8C27}.Debug|x64.ActiveCfg = Debug|Any CPU
		{86DB1A12-3465-48BD-BCDA-534EE22A8C27}.Debug|x64.Build.0 = Debug|Any CPU
		{86DB1A12-3465-48BD-BCDA-534EE22A8C27}.Debug|x86.ActiveCfg = Debug|Any CPU
		{86DB1A12-3465-48BD-BCDA-534EE22A8C27}.Debug|x86.Build.0 = Debug|Any CPU
		{86DB1A12-3465-48BD-BCDA-534EE22A8C27}.Release|Any CPU.ActiveCfg = Release|Any CPU
		{86DB1A12-3465-48BD-BCDA-534EE22A8C27}.Release|Any CPU.Build.0 = Release|Any CPU
		{86DB1A12-3465-48BD-BCDA-534EE22A8C27}.Release|x64.ActiveCfg = Release|Any CPU
		{86DB1A12-3465-48BD-BCDA-534EE22A8C27}.Release|x64.Build.0 = Release|Any CPU
		{86DB1A12-3465-48BD-BCDA-534EE22A8C27}.Release|x86.ActiveCfg = Release|Any CPU
		{86DB1A12-3465-48BD-BCDA-534EE22A8C27}.Release|x86.Build.0 = Release|Any CPU
	EndGlobalSection
	GlobalSection(SolutionProperties) = preSolution
		HideSolutionNode = FALSE
	EndGlobalSection
	GlobalSection(NestedProjects) = preSolution
		{D0E8F011-C408-480A-8849-A46408A93AD7} = {B34ECEB3-D2F9-459B-A3DE-99E04123E593}
		{9BEFCC78-DBF6-4A3A-B2E3-2A0DD510DEB0} = {EDED427E-1408-4971-9FA9-EBFCACCEAC22}
		{4D258011-FD57-43B2-9300-2C1DBBA6ECF2} = {B34ECEB3-D2F9-459B-A3DE-99E04123E593}
		{CBE1B08D-9786-4081-8981-582AFDB19D70} = {B34ECEB3-D2F9-459B-A3DE-99E04123E593}
		{AA6AFE43-CF44-4615-A3C5-60DF4ECCC0FD} = {EDED427E-1408-4971-9FA9-EBFCACCEAC22}
		{BE9C6951-452A-48F2-B24E-5FCFFDBD7A7B} = {B34ECEB3-D2F9-459B-A3DE-99E04123E593}
		{80836AD2-3E2C-44C1-8A7C-C8D680B6E7B1} = {EDED427E-1408-4971-9FA9-EBFCACCEAC22}
		{1EE44B7D-1BD0-4D03-AD28-4121472D379E} = {2A332BDD-050D-4E45-81BA-896A46C2B42E}
		{0E401CA8-4F2E-4A01-94FE-8C4847DAC510} = {B34ECEB3-D2F9-459B-A3DE-99E04123E593}
		{DD261016-E990-4AFC-870E-584D070656F4} = {B34ECEB3-D2F9-459B-A3DE-99E04123E593}
		{4F06FB52-31B5-4594-89EF-429A600FD485} = {EDED427E-1408-4971-9FA9-EBFCACCEAC22}
		{882EB9C1-FAE6-4A42-886D-70E0C1981C5B} = {B34ECEB3-D2F9-459B-A3DE-99E04123E593}
		{99622C59-F1B8-4C7E-A9DA-EE3F910C143F} = {B34ECEB3-D2F9-459B-A3DE-99E04123E593}
		{A7097C01-3D2D-4CCA-8519-141B18D96A5F} = {EDED427E-1408-4971-9FA9-EBFCACCEAC22}
		{C7F44AB7-3417-4EC2-84D2-D707891AB0B5} = {B34ECEB3-D2F9-459B-A3DE-99E04123E593}
		{86DB1A12-3465-48BD-BCDA-534EE22A8C27} = {EDED427E-1408-4971-9FA9-EBFCACCEAC22}
	EndGlobalSection
	GlobalSection(ExtensibilityGlobals) = postSolution
		SolutionGuid = {2F6B1794-D5DB-4788-A4E3-2786DA1F4359}
	EndGlobalSection
EndGlobal
